
Microsoft Visual Studio Solution File, Format Version 12.00
# Visual Studio Version 17
VisualStudioVersion = 17.9.34728.123
MinimumVisualStudioVersion = 10.0.40219.1
Project("{FAE04EC0-301F-11D3-BF4B-00C04F79EFBC}") = "miuTest", "miuTest.csproj", "{CEAE7FD7-9E27-4953-9DD2-4A040A2F0578}"
EndProject
Project("{2150E333-8FDC-42A3-9474-1A3956D46DE8}") = "Solution Items", "Solution Items", "{63E46306-1993-4096-9A09-9BECE11C34D6}"
	ProjectSection(SolutionItems) = preProject
		Dental .cs = Dental .cs
	EndProjectSection
EndProject
Global
	GlobalSection(SolutionConfigurationPlatforms) = preSolution
		Debug|Any CPU = Debug|Any CPU
		Release|Any CPU = Release|Any CPU
	EndGlobalSection
	GlobalSection(ProjectConfigurationPlatforms) = postSolution
		{CEAE7FD7-9E27-4953-9DD2-4A040A2F0578}.Debug|Any CPU.ActiveCfg = Debug|Any CPU
		{CEAE7FD7-9E27-4953-9DD2-4A040A2F0578}.Debug|Any CPU.Build.0 = Debug|Any CPU
		{CEAE7FD7-9E27-4953-9DD2-4A040A2F0578}.Release|Any CPU.ActiveCfg = Release|Any CPU
		{CEAE7FD7-9E27-4953-9DD2-4A040A2F0578}.Release|Any CPU.Build.0 = Release|Any CPU
	EndGlobalSection
	GlobalSection(SolutionProperties) = preSolution
		HideSolutionNode = FALSE
	EndGlobalSection
	GlobalSection(ExtensibilityGlobals) = postSolution
		SolutionGuid = {5F81D87B-0DBB-406A-AF7B-BBB9D9D41EB5}
	EndGlobalSection
EndGlobal
